// !$*UTF8*$!
{
	archiveVersion = 1;
	classes = {
	};
	objectVersion = 46;
	objects = {

/* Begin PBXBuildFile section */
		AB47D9B01DB5A3DD00A7B5E8 /* main.swift in Sources */ = {isa = PBXBuildFile; fileRef = AB47D9AF1DB5A3DD00A7B5E8 /* main.swift */; };
		AB47D9CF1DB5AF1A00A7B5E8 /* EjectTests.swift in Sources */ = {isa = PBXBuildFile; fileRef = AB47D9CE1DB5AF1A00A7B5E8 /* EjectTests.swift */; };
		AB47D9DD1DB5D28C00A7B5E8 /* XIBParser.swift in Sources */ = {isa = PBXBuildFile; fileRef = AB47D9DC1DB5D28C00A7B5E8 /* XIBParser.swift */; };
		AB47D9E51DB657CF00A7B5E8 /* XIBParser.swift in Sources */ = {isa = PBXBuildFile; fileRef = AB47D9DC1DB5D28C00A7B5E8 /* XIBParser.swift */; };
		AB47D9E71DB65B5B00A7B5E8 /* CodeGeneration.swift in Sources */ = {isa = PBXBuildFile; fileRef = AB47D9E61DB65B5B00A7B5E8 /* CodeGeneration.swift */; };
		AB47D9ED1DB6C0C100A7B5E8 /* WebBrowserViewController.xibtest in Resources */ = {isa = PBXBuildFile; fileRef = AB47D9EC1DB6C0C100A7B5E8 /* WebBrowserViewController.xibtest */; };
		AB47D9FA1DB7AB9D00A7B5E8 /* RValues.swift in Sources */ = {isa = PBXBuildFile; fileRef = AB47D9F91DB7AB9D00A7B5E8 /* RValues.swift */; };
		AB47DA281DB8663D00A7B5E8 /* ButtonStateBuilder.swift in Sources */ = {isa = PBXBuildFile; fileRef = AB47DA1A1DB8663D00A7B5E8 /* ButtonStateBuilder.swift */; };
		AB47DA291DB8663D00A7B5E8 /* ButtonStateBuilder.swift in Sources */ = {isa = PBXBuildFile; fileRef = AB47DA1A1DB8663D00A7B5E8 /* ButtonStateBuilder.swift */; };
		AB47DA2A1DB8663D00A7B5E8 /* UserDefinedAttributesBuilder.swift in Sources */ = {isa = PBXBuildFile; fileRef = AB47DA1B1DB8663D00A7B5E8 /* UserDefinedAttributesBuilder.swift */; };
		AB47DA2B1DB8663D00A7B5E8 /* UserDefinedAttributesBuilder.swift in Sources */ = {isa = PBXBuildFile; fileRef = AB47DA1B1DB8663D00A7B5E8 /* UserDefinedAttributesBuilder.swift */; };
		AB47DA2C1DB8663D00A7B5E8 /* SubviewBuilder.swift in Sources */ = {isa = PBXBuildFile; fileRef = AB47DA1C1DB8663D00A7B5E8 /* SubviewBuilder.swift */; };
		AB47DA2D1DB8663D00A7B5E8 /* SubviewBuilder.swift in Sources */ = {isa = PBXBuildFile; fileRef = AB47DA1C1DB8663D00A7B5E8 /* SubviewBuilder.swift */; };
		AB47DA2E1DB8663D00A7B5E8 /* ObjectBuilder.swift in Sources */ = {isa = PBXBuildFile; fileRef = AB47DA1D1DB8663D00A7B5E8 /* ObjectBuilder.swift */; };
		AB47DA2F1DB8663D00A7B5E8 /* ObjectBuilder.swift in Sources */ = {isa = PBXBuildFile; fileRef = AB47DA1D1DB8663D00A7B5E8 /* ObjectBuilder.swift */; };
		AB47DA301DB8663D00A7B5E8 /* OutletBuilder.swift in Sources */ = {isa = PBXBuildFile; fileRef = AB47DA1E1DB8663D00A7B5E8 /* OutletBuilder.swift */; };
		AB47DA311DB8663D00A7B5E8 /* OutletBuilder.swift in Sources */ = {isa = PBXBuildFile; fileRef = AB47DA1E1DB8663D00A7B5E8 /* OutletBuilder.swift */; };
		AB47DA321DB8663D00A7B5E8 /* PlaceholderBuilder.swift in Sources */ = {isa = PBXBuildFile; fileRef = AB47DA1F1DB8663D00A7B5E8 /* PlaceholderBuilder.swift */; };
		AB47DA331DB8663D00A7B5E8 /* PlaceholderBuilder.swift in Sources */ = {isa = PBXBuildFile; fileRef = AB47DA1F1DB8663D00A7B5E8 /* PlaceholderBuilder.swift */; };
		AB47DA341DB8663D00A7B5E8 /* CocoaTouchBuilder.swift in Sources */ = {isa = PBXBuildFile; fileRef = AB47DA201DB8663D00A7B5E8 /* CocoaTouchBuilder.swift */; };
		AB47DA351DB8663D00A7B5E8 /* CocoaTouchBuilder.swift in Sources */ = {isa = PBXBuildFile; fileRef = AB47DA201DB8663D00A7B5E8 /* CocoaTouchBuilder.swift */; };
		AB47DA361DB8663D00A7B5E8 /* FontBuilder.swift in Sources */ = {isa = PBXBuildFile; fileRef = AB47DA211DB8663D00A7B5E8 /* FontBuilder.swift */; };
		AB47DA371DB8663D00A7B5E8 /* FontBuilder.swift in Sources */ = {isa = PBXBuildFile; fileRef = AB47DA211DB8663D00A7B5E8 /* FontBuilder.swift */; };
		AB47DA381DB8663D00A7B5E8 /* ColorBuilder.swift in Sources */ = {isa = PBXBuildFile; fileRef = AB47DA221DB8663D00A7B5E8 /* ColorBuilder.swift */; };
		AB47DA391DB8663D00A7B5E8 /* ColorBuilder.swift in Sources */ = {isa = PBXBuildFile; fileRef = AB47DA221DB8663D00A7B5E8 /* ColorBuilder.swift */; };
		AB47DA3A1DB8663D00A7B5E8 /* DocumentBuilder.swift in Sources */ = {isa = PBXBuildFile; fileRef = AB47DA231DB8663D00A7B5E8 /* DocumentBuilder.swift */; };
		AB47DA3B1DB8663D00A7B5E8 /* DocumentBuilder.swift in Sources */ = {isa = PBXBuildFile; fileRef = AB47DA231DB8663D00A7B5E8 /* DocumentBuilder.swift */; };
		AB47DA3C1DB8663D00A7B5E8 /* KeyValueBuilder.swift in Sources */ = {isa = PBXBuildFile; fileRef = AB47DA241DB8663D00A7B5E8 /* KeyValueBuilder.swift */; };
		AB47DA3D1DB8663D00A7B5E8 /* KeyValueBuilder.swift in Sources */ = {isa = PBXBuildFile; fileRef = AB47DA241DB8663D00A7B5E8 /* KeyValueBuilder.swift */; };
		AB47DA3E1DB8663D00A7B5E8 /* StructBuilder.swift in Sources */ = {isa = PBXBuildFile; fileRef = AB47DA251DB8663D00A7B5E8 /* StructBuilder.swift */; };
		AB47DA3F1DB8663D00A7B5E8 /* StructBuilder.swift in Sources */ = {isa = PBXBuildFile; fileRef = AB47DA251DB8663D00A7B5E8 /* StructBuilder.swift */; };
		AB47DA401DB8663D00A7B5E8 /* OptionSetBuilder.swift in Sources */ = {isa = PBXBuildFile; fileRef = AB47DA261DB8663D00A7B5E8 /* OptionSetBuilder.swift */; };
		AB47DA411DB8663D00A7B5E8 /* OptionSetBuilder.swift in Sources */ = {isa = PBXBuildFile; fileRef = AB47DA261DB8663D00A7B5E8 /* OptionSetBuilder.swift */; };
		ABB389B71DB870CF008BF59E /* String+Eject.swift in Sources */ = {isa = PBXBuildFile; fileRef = ABB389B61DB870CF008BF59E /* String+Eject.swift */; };
		ABB389BA1DB87250008BF59E /* IBReference.swift in Sources */ = {isa = PBXBuildFile; fileRef = ABB389B91DB87250008BF59E /* IBReference.swift */; };
		ABB389BC1DB8725B008BF59E /* IBDocument.swift in Sources */ = {isa = PBXBuildFile; fileRef = ABB389BB1DB8725B008BF59E /* IBDocument.swift */; };
		ABB389BE1DB87266008BF59E /* IBObject.swift in Sources */ = {isa = PBXBuildFile; fileRef = ABB389BD1DB87266008BF59E /* IBObject.swift */; };
		ABB389C01DB8728B008BF59E /* IBPlaceholder.swift in Sources */ = {isa = PBXBuildFile; fileRef = ABB389BF1DB8728B008BF59E /* IBPlaceholder.swift */; };
		ABB389C21DB87307008BF59E /* VariableConfiguration.swift in Sources */ = {isa = PBXBuildFile; fileRef = ABB389C11DB87307008BF59E /* VariableConfiguration.swift */; };
		ABB389C41DB87321008BF59E /* Declaration.swift in Sources */ = {isa = PBXBuildFile; fileRef = ABB389C31DB87321008BF59E /* Declaration.swift */; };
		ABB389C51DB873DD008BF59E /* IBReference.swift in Sources */ = {isa = PBXBuildFile; fileRef = ABB389B91DB87250008BF59E /* IBReference.swift */; };
		ABB389C61DB873DD008BF59E /* IBDocument.swift in Sources */ = {isa = PBXBuildFile; fileRef = ABB389BB1DB8725B008BF59E /* IBDocument.swift */; };
		ABB389C71DB873DD008BF59E /* IBObject.swift in Sources */ = {isa = PBXBuildFile; fileRef = ABB389BD1DB87266008BF59E /* IBObject.swift */; };
		ABB389C81DB873DD008BF59E /* IBPlaceholder.swift in Sources */ = {isa = PBXBuildFile; fileRef = ABB389BF1DB8728B008BF59E /* IBPlaceholder.swift */; };
		ABB389CD1DB873E2008BF59E /* RValues.swift in Sources */ = {isa = PBXBuildFile; fileRef = AB47D9F91DB7AB9D00A7B5E8 /* RValues.swift */; };
		ABB389CE1DB873E2008BF59E /* CodeGeneration.swift in Sources */ = {isa = PBXBuildFile; fileRef = AB47D9E61DB65B5B00A7B5E8 /* CodeGeneration.swift */; };
		ABB389CF1DB873E2008BF59E /* VariableConfiguration.swift in Sources */ = {isa = PBXBuildFile; fileRef = ABB389C11DB87307008BF59E /* VariableConfiguration.swift */; };
		ABB389D01DB873E2008BF59E /* Declaration.swift in Sources */ = {isa = PBXBuildFile; fileRef = ABB389C31DB87321008BF59E /* Declaration.swift */; };
		ABB389D11DB873E2008BF59E /* String+Eject.swift in Sources */ = {isa = PBXBuildFile; fileRef = ABB389B61DB870CF008BF59E /* String+Eject.swift */; };
		ABB389D21DB873E2008BF59E /* main.swift in Sources */ = {isa = PBXBuildFile; fileRef = AB47D9AF1DB5A3DD00A7B5E8 /* main.swift */; };
		ABB389D41DB8F5A8008BF59E /* AchorageConstraintBuilder.swift in Sources */ = {isa = PBXBuildFile; fileRef = ABB389D31DB8F5A8008BF59E /* AchorageConstraintBuilder.swift */; };
		ABB389D51DB901F0008BF59E /* AchorageConstraintBuilder.swift in Sources */ = {isa = PBXBuildFile; fileRef = ABB389D31DB8F5A8008BF59E /* AchorageConstraintBuilder.swift */; };
/* End PBXBuildFile section */

/* Begin PBXBuildRule section */
		AB47D9EE1DB6C19D00A7B5E8 /* PBXBuildRule */ = {
			isa = PBXBuildRule;
			compilerSpec = com.apple.compilers.proxy.script;
			fileType = wrapper.nib;
			isEditable = 1;
			outputFiles = (
			);
			script = "";
		};
/* End PBXBuildRule section */

/* Begin PBXCopyFilesBuildPhase section */
		AB47D9AA1DB5A3DD00A7B5E8 /* CopyFiles */ = {
			isa = PBXCopyFilesBuildPhase;
			buildActionMask = 2147483647;
			dstPath = /usr/share/man/man1/;
			dstSubfolderSpec = 0;
			files = (
			);
			runOnlyForDeploymentPostprocessing = 1;
		};
/* End PBXCopyFilesBuildPhase section */

/* Begin PBXFileReference section */
		AB47D9AC1DB5A3DD00A7B5E8 /* Eject */ = {isa = PBXFileReference; explicitFileType = "compiled.mach-o.executable"; includeInIndex = 0; path = Eject; sourceTree = BUILT_PRODUCTS_DIR; };
		AB47D9AF1DB5A3DD00A7B5E8 /* main.swift */ = {isa = PBXFileReference; lastKnownFileType = sourcecode.swift; path = main.swift; sourceTree = "<group>"; };
		AB47D9CC1DB5AF1A00A7B5E8 /* EjectTests.xctest */ = {isa = PBXFileReference; explicitFileType = wrapper.cfbundle; includeInIndex = 0; path = EjectTests.xctest; sourceTree = BUILT_PRODUCTS_DIR; };
		AB47D9CE1DB5AF1A00A7B5E8 /* EjectTests.swift */ = {isa = PBXFileReference; lastKnownFileType = sourcecode.swift; path = EjectTests.swift; sourceTree = "<group>"; };
		AB47D9D01DB5AF1A00A7B5E8 /* Info.plist */ = {isa = PBXFileReference; lastKnownFileType = text.plist.xml; path = Info.plist; sourceTree = "<group>"; };
		AB47D9DC1DB5D28C00A7B5E8 /* XIBParser.swift */ = {isa = PBXFileReference; fileEncoding = 4; lastKnownFileType = sourcecode.swift; path = XIBParser.swift; sourceTree = "<group>"; };
		AB47D9E61DB65B5B00A7B5E8 /* CodeGeneration.swift */ = {isa = PBXFileReference; fileEncoding = 4; lastKnownFileType = sourcecode.swift; path = CodeGeneration.swift; sourceTree = "<group>"; };
		AB47D9EC1DB6C0C100A7B5E8 /* WebBrowserViewController.xibtest */ = {isa = PBXFileReference; fileEncoding = 4; lastKnownFileType = text.xml; path = WebBrowserViewController.xibtest; sourceTree = "<group>"; };
		AB47D9F91DB7AB9D00A7B5E8 /* RValues.swift */ = {isa = PBXFileReference; fileEncoding = 4; lastKnownFileType = sourcecode.swift; path = RValues.swift; sourceTree = "<group>"; };
		AB47DA1A1DB8663D00A7B5E8 /* ButtonStateBuilder.swift */ = {isa = PBXFileReference; fileEncoding = 4; lastKnownFileType = sourcecode.swift; name = ButtonStateBuilder.swift; path = Builder/ButtonStateBuilder.swift; sourceTree = "<group>"; };
		AB47DA1B1DB8663D00A7B5E8 /* UserDefinedAttributesBuilder.swift */ = {isa = PBXFileReference; fileEncoding = 4; lastKnownFileType = sourcecode.swift; name = UserDefinedAttributesBuilder.swift; path = Builder/UserDefinedAttributesBuilder.swift; sourceTree = "<group>"; };
		AB47DA1C1DB8663D00A7B5E8 /* SubviewBuilder.swift */ = {isa = PBXFileReference; fileEncoding = 4; lastKnownFileType = sourcecode.swift; name = SubviewBuilder.swift; path = Builder/SubviewBuilder.swift; sourceTree = "<group>"; };
		AB47DA1D1DB8663D00A7B5E8 /* ObjectBuilder.swift */ = {isa = PBXFileReference; fileEncoding = 4; lastKnownFileType = sourcecode.swift; name = ObjectBuilder.swift; path = Builder/ObjectBuilder.swift; sourceTree = "<group>"; };
		AB47DA1E1DB8663D00A7B5E8 /* OutletBuilder.swift */ = {isa = PBXFileReference; fileEncoding = 4; lastKnownFileType = sourcecode.swift; name = OutletBuilder.swift; path = Builder/OutletBuilder.swift; sourceTree = "<group>"; };
		AB47DA1F1DB8663D00A7B5E8 /* PlaceholderBuilder.swift */ = {isa = PBXFileReference; fileEncoding = 4; lastKnownFileType = sourcecode.swift; name = PlaceholderBuilder.swift; path = Builder/PlaceholderBuilder.swift; sourceTree = "<group>"; };
		AB47DA201DB8663D00A7B5E8 /* CocoaTouchBuilder.swift */ = {isa = PBXFileReference; fileEncoding = 4; lastKnownFileType = sourcecode.swift; name = CocoaTouchBuilder.swift; path = Builder/CocoaTouchBuilder.swift; sourceTree = "<group>"; };
		AB47DA211DB8663D00A7B5E8 /* FontBuilder.swift */ = {isa = PBXFileReference; fileEncoding = 4; lastKnownFileType = sourcecode.swift; name = FontBuilder.swift; path = Builder/FontBuilder.swift; sourceTree = "<group>"; };
		AB47DA221DB8663D00A7B5E8 /* ColorBuilder.swift */ = {isa = PBXFileReference; fileEncoding = 4; lastKnownFileType = sourcecode.swift; name = ColorBuilder.swift; path = Builder/ColorBuilder.swift; sourceTree = "<group>"; };
		AB47DA231DB8663D00A7B5E8 /* DocumentBuilder.swift */ = {isa = PBXFileReference; fileEncoding = 4; lastKnownFileType = sourcecode.swift; name = DocumentBuilder.swift; path = Builder/DocumentBuilder.swift; sourceTree = "<group>"; };
		AB47DA241DB8663D00A7B5E8 /* KeyValueBuilder.swift */ = {isa = PBXFileReference; fileEncoding = 4; lastKnownFileType = sourcecode.swift; name = KeyValueBuilder.swift; path = Builder/KeyValueBuilder.swift; sourceTree = "<group>"; };
		AB47DA251DB8663D00A7B5E8 /* StructBuilder.swift */ = {isa = PBXFileReference; fileEncoding = 4; lastKnownFileType = sourcecode.swift; name = StructBuilder.swift; path = Builder/StructBuilder.swift; sourceTree = "<group>"; };
		AB47DA261DB8663D00A7B5E8 /* OptionSetBuilder.swift */ = {isa = PBXFileReference; fileEncoding = 4; lastKnownFileType = sourcecode.swift; name = OptionSetBuilder.swift; path = Builder/OptionSetBuilder.swift; sourceTree = "<group>"; };
		ABB389B61DB870CF008BF59E /* String+Eject.swift */ = {isa = PBXFileReference; fileEncoding = 4; lastKnownFileType = sourcecode.swift; path = "String+Eject.swift"; sourceTree = "<group>"; };
		ABB389B91DB87250008BF59E /* IBReference.swift */ = {isa = PBXFileReference; fileEncoding = 4; lastKnownFileType = sourcecode.swift; path = IBReference.swift; sourceTree = "<group>"; };
		ABB389BB1DB8725B008BF59E /* IBDocument.swift */ = {isa = PBXFileReference; fileEncoding = 4; lastKnownFileType = sourcecode.swift; path = IBDocument.swift; sourceTree = "<group>"; };
		ABB389BD1DB87266008BF59E /* IBObject.swift */ = {isa = PBXFileReference; fileEncoding = 4; lastKnownFileType = sourcecode.swift; path = IBObject.swift; sourceTree = "<group>"; };
		ABB389BF1DB8728B008BF59E /* IBPlaceholder.swift */ = {isa = PBXFileReference; fileEncoding = 4; lastKnownFileType = sourcecode.swift; path = IBPlaceholder.swift; sourceTree = "<group>"; };
		ABB389C11DB87307008BF59E /* VariableConfiguration.swift */ = {isa = PBXFileReference; fileEncoding = 4; lastKnownFileType = sourcecode.swift; path = VariableConfiguration.swift; sourceTree = "<group>"; };
		ABB389C31DB87321008BF59E /* Declaration.swift */ = {isa = PBXFileReference; fileEncoding = 4; lastKnownFileType = sourcecode.swift; path = Declaration.swift; sourceTree = "<group>"; };
		ABB389D31DB8F5A8008BF59E /* AchorageConstraintBuilder.swift */ = {isa = PBXFileReference; fileEncoding = 4; lastKnownFileType = sourcecode.swift; path = AchorageConstraintBuilder.swift; sourceTree = "<group>"; };
/* End PBXFileReference section */

/* Begin PBXFrameworksBuildPhase section */
		AB47D9A91DB5A3DD00A7B5E8 /* Frameworks */ = {
			isa = PBXFrameworksBuildPhase;
			buildActionMask = 2147483647;
			files = (
			);
			runOnlyForDeploymentPostprocessing = 0;
		};
		AB47D9C91DB5AF1A00A7B5E8 /* Frameworks */ = {
			isa = PBXFrameworksBuildPhase;
			buildActionMask = 2147483647;
			files = (
			);
			runOnlyForDeploymentPostprocessing = 0;
		};
/* End PBXFrameworksBuildPhase section */

/* Begin PBXGroup section */
		AB47D9A31DB5A3DD00A7B5E8 = {
			isa = PBXGroup;
			children = (
				AB47D9AE1DB5A3DD00A7B5E8 /* Eject */,
				AB47D9CD1DB5AF1A00A7B5E8 /* EjectTests */,
				AB47D9AD1DB5A3DD00A7B5E8 /* Products */,
			);
			sourceTree = "<group>";
		};
		AB47D9AD1DB5A3DD00A7B5E8 /* Products */ = {
			isa = PBXGroup;
			children = (
				AB47D9AC1DB5A3DD00A7B5E8 /* Eject */,
				AB47D9CC1DB5AF1A00A7B5E8 /* EjectTests.xctest */,
			);
			name = Products;
			sourceTree = "<group>";
		};
		AB47D9AE1DB5A3DD00A7B5E8 /* Eject */ = {
			isa = PBXGroup;
			children = (
				ABB389B81DB87247008BF59E /* Model */,
				AB47D9DC1DB5D28C00A7B5E8 /* XIBParser.swift */,
				AB47D9F01DB7AAD600A7B5E8 /* Builders */,
				AB47D9F91DB7AB9D00A7B5E8 /* RValues.swift */,
				AB47D9E61DB65B5B00A7B5E8 /* CodeGeneration.swift */,
				ABB389C11DB87307008BF59E /* VariableConfiguration.swift */,
				ABB389C31DB87321008BF59E /* Declaration.swift */,
				ABB389B61DB870CF008BF59E /* String+Eject.swift */,
				AB47D9AF1DB5A3DD00A7B5E8 /* main.swift */,
			);
			path = Eject;
			sourceTree = "<group>";
		};
		AB47D9CD1DB5AF1A00A7B5E8 /* EjectTests */ = {
			isa = PBXGroup;
			children = (
				AB47D9EB1DB6C0AD00A7B5E8 /* Resources */,
				AB47D9CE1DB5AF1A00A7B5E8 /* EjectTests.swift */,
				AB47D9D01DB5AF1A00A7B5E8 /* Info.plist */,
			);
			path = EjectTests;
			sourceTree = "<group>";
		};
		AB47D9EB1DB6C0AD00A7B5E8 /* Resources */ = {
			isa = PBXGroup;
			children = (
				AB47D9EC1DB6C0C100A7B5E8 /* WebBrowserViewController.xibtest */,
			);
			path = Resources;
			sourceTree = "<group>";
		};
		AB47D9F01DB7AAD600A7B5E8 /* Builders */ = {
			isa = PBXGroup;
			children = (
				AB47DA201DB8663D00A7B5E8 /* CocoaTouchBuilder.swift */,
				AB47DA231DB8663D00A7B5E8 /* DocumentBuilder.swift */,
				AB47DA1D1DB8663D00A7B5E8 /* ObjectBuilder.swift */,
				AB47DA1F1DB8663D00A7B5E8 /* PlaceholderBuilder.swift */,
				AB47DA1E1DB8663D00A7B5E8 /* OutletBuilder.swift */,
				AB47DA241DB8663D00A7B5E8 /* KeyValueBuilder.swift */,
				AB47DA1C1DB8663D00A7B5E8 /* SubviewBuilder.swift */,
				ABB389D31DB8F5A8008BF59E /* AchorageConstraintBuilder.swift */,
				AB47DA1B1DB8663D00A7B5E8 /* UserDefinedAttributesBuilder.swift */,
				AB47DA1A1DB8663D00A7B5E8 /* ButtonStateBuilder.swift */,
				AB47DA211DB8663D00A7B5E8 /* FontBuilder.swift */,
				AB47DA221DB8663D00A7B5E8 /* ColorBuilder.swift */,
				AB47DA251DB8663D00A7B5E8 /* StructBuilder.swift */,
				AB47DA261DB8663D00A7B5E8 /* OptionSetBuilder.swift */,
			);
			name = Builders;
			sourceTree = "<group>";
		};
		ABB389B81DB87247008BF59E /* Model */ = {
			isa = PBXGroup;
			children = (
				ABB389B91DB87250008BF59E /* IBReference.swift */,
				ABB389BB1DB8725B008BF59E /* IBDocument.swift */,
				ABB389BD1DB87266008BF59E /* IBObject.swift */,
				ABB389BF1DB8728B008BF59E /* IBPlaceholder.swift */,
			);
			path = Model;
			sourceTree = "<group>";
		};
/* End PBXGroup section */

/* Begin PBXNativeTarget section */
		AB47D9AB1DB5A3DD00A7B5E8 /* Eject */ = {
			isa = PBXNativeTarget;
			buildConfigurationList = AB47D9B31DB5A3DD00A7B5E8 /* Build configuration list for PBXNativeTarget "Eject" */;
			buildPhases = (
				AB47D9A81DB5A3DD00A7B5E8 /* Sources */,
				AB47D9A91DB5A3DD00A7B5E8 /* Frameworks */,
				AB47D9AA1DB5A3DD00A7B5E8 /* CopyFiles */,
			);
			buildRules = (
			);
			dependencies = (
			);
			name = Eject;
			productName = Eject;
			productReference = AB47D9AC1DB5A3DD00A7B5E8 /* Eject */;
			productType = "com.apple.product-type.tool";
		};
		AB47D9CB1DB5AF1A00A7B5E8 /* EjectTests */ = {
			isa = PBXNativeTarget;
			buildConfigurationList = AB47D9D11DB5AF1A00A7B5E8 /* Build configuration list for PBXNativeTarget "EjectTests" */;
			buildPhases = (
				AB47D9C81DB5AF1A00A7B5E8 /* Sources */,
				AB47D9C91DB5AF1A00A7B5E8 /* Frameworks */,
				AB47D9CA1DB5AF1A00A7B5E8 /* Resources */,
			);
			buildRules = (
				AB47D9EE1DB6C19D00A7B5E8 /* PBXBuildRule */,
			);
			dependencies = (
			);
			name = EjectTests;
			productName = EjectTests;
			productReference = AB47D9CC1DB5AF1A00A7B5E8 /* EjectTests.xctest */;
			productType = "com.apple.product-type.bundle.unit-test";
		};
/* End PBXNativeTarget section */

/* Begin PBXProject section */
		AB47D9A41DB5A3DD00A7B5E8 /* Project object */ = {
			isa = PBXProject;
			attributes = {
				LastSwiftUpdateCheck = 0800;
				LastUpgradeCheck = 0800;
				ORGANIZATIONNAME = "Brian King";
				TargetAttributes = {
					AB47D9AB1DB5A3DD00A7B5E8 = {
						CreatedOnToolsVersion = 8.0;
						ProvisioningStyle = Automatic;
					};
					AB47D9CB1DB5AF1A00A7B5E8 = {
						CreatedOnToolsVersion = 8.0;
						ProvisioningStyle = Automatic;
					};
				};
			};
			buildConfigurationList = AB47D9A71DB5A3DD00A7B5E8 /* Build configuration list for PBXProject "Eject" */;
			compatibilityVersion = "Xcode 3.2";
			developmentRegion = English;
			hasScannedForEncodings = 0;
			knownRegions = (
				en,
			);
			mainGroup = AB47D9A31DB5A3DD00A7B5E8;
			productRefGroup = AB47D9AD1DB5A3DD00A7B5E8 /* Products */;
			projectDirPath = "";
			projectRoot = "";
			targets = (
				AB47D9AB1DB5A3DD00A7B5E8 /* Eject */,
				AB47D9CB1DB5AF1A00A7B5E8 /* EjectTests */,
			);
		};
/* End PBXProject section */

/* Begin PBXResourcesBuildPhase section */
		AB47D9CA1DB5AF1A00A7B5E8 /* Resources */ = {
			isa = PBXResourcesBuildPhase;
			buildActionMask = 2147483647;
			files = (
				AB47D9ED1DB6C0C100A7B5E8 /* WebBrowserViewController.xibtest in Resources */,
			);
			runOnlyForDeploymentPostprocessing = 0;
		};
/* End PBXResourcesBuildPhase section */

/* Begin PBXSourcesBuildPhase section */
		AB47D9A81DB5A3DD00A7B5E8 /* Sources */ = {
			isa = PBXSourcesBuildPhase;
			buildActionMask = 2147483647;
			files = (
				AB47DA341DB8663D00A7B5E8 /* CocoaTouchBuilder.swift in Sources */,
				AB47D9FA1DB7AB9D00A7B5E8 /* RValues.swift in Sources */,
				AB47D9DD1DB5D28C00A7B5E8 /* XIBParser.swift in Sources */,
				ABB389C21DB87307008BF59E /* VariableConfiguration.swift in Sources */,
				AB47DA3E1DB8663D00A7B5E8 /* StructBuilder.swift in Sources */,
				ABB389BC1DB8725B008BF59E /* IBDocument.swift in Sources */,
				AB47DA301DB8663D00A7B5E8 /* OutletBuilder.swift in Sources */,
				AB47DA2C1DB8663D00A7B5E8 /* SubviewBuilder.swift in Sources */,
				AB47DA3A1DB8663D00A7B5E8 /* DocumentBuilder.swift in Sources */,
				AB47D9B01DB5A3DD00A7B5E8 /* main.swift in Sources */,
				AB47D9E71DB65B5B00A7B5E8 /* CodeGeneration.swift in Sources */,
				ABB389C41DB87321008BF59E /* Declaration.swift in Sources */,
				AB47DA2A1DB8663D00A7B5E8 /* UserDefinedAttributesBuilder.swift in Sources */,
				ABB389C01DB8728B008BF59E /* IBPlaceholder.swift in Sources */,
				ABB389BA1DB87250008BF59E /* IBReference.swift in Sources */,
				ABB389D41DB8F5A8008BF59E /* AchorageConstraintBuilder.swift in Sources */,
				AB47DA3C1DB8663D00A7B5E8 /* KeyValueBuilder.swift in Sources */,
				ABB389BE1DB87266008BF59E /* IBObject.swift in Sources */,
				AB47DA321DB8663D00A7B5E8 /* PlaceholderBuilder.swift in Sources */,
				AB47DA2E1DB8663D00A7B5E8 /* ObjectBuilder.swift in Sources */,
				ABB389B71DB870CF008BF59E /* String+Eject.swift in Sources */,
				AB47DA361DB8663D00A7B5E8 /* FontBuilder.swift in Sources */,
				AB47DA381DB8663D00A7B5E8 /* ColorBuilder.swift in Sources */,
				AB47DA401DB8663D00A7B5E8 /* OptionSetBuilder.swift in Sources */,
				AB47DA281DB8663D00A7B5E8 /* ButtonStateBuilder.swift in Sources */,
			);
			runOnlyForDeploymentPostprocessing = 0;
		};
		AB47D9C81DB5AF1A00A7B5E8 /* Sources */ = {
			isa = PBXSourcesBuildPhase;
			buildActionMask = 2147483647;
			files = (
				AB47DA351DB8663D00A7B5E8 /* CocoaTouchBuilder.swift in Sources */,
				AB47D9E51DB657CF00A7B5E8 /* XIBParser.swift in Sources */,
				AB47DA3F1DB8663D00A7B5E8 /* StructBuilder.swift in Sources */,
				AB47DA311DB8663D00A7B5E8 /* OutletBuilder.swift in Sources */,
				AB47DA2D1DB8663D00A7B5E8 /* SubviewBuilder.swift in Sources */,
				ABB389C61DB873DD008BF59E /* IBDocument.swift in Sources */,
				AB47DA3B1DB8663D00A7B5E8 /* DocumentBuilder.swift in Sources */,
				AB47D9CF1DB5AF1A00A7B5E8 /* EjectTests.swift in Sources */,
				ABB389CF1DB873E2008BF59E /* VariableConfiguration.swift in Sources */,
				AB47DA2B1DB8663D00A7B5E8 /* UserDefinedAttributesBuilder.swift in Sources */,
				ABB389D11DB873E2008BF59E /* String+Eject.swift in Sources */,
				ABB389C71DB873DD008BF59E /* IBObject.swift in Sources */,
				AB47DA3D1DB8663D00A7B5E8 /* KeyValueBuilder.swift in Sources */,
				AB47DA331DB8663D00A7B5E8 /* PlaceholderBuilder.swift in Sources */,
				AB47DA2F1DB8663D00A7B5E8 /* ObjectBuilder.swift in Sources */,
				ABB389D01DB873E2008BF59E /* Declaration.swift in Sources */,
				ABB389D21DB873E2008BF59E /* main.swift in Sources */,
				ABB389C81DB873DD008BF59E /* IBPlaceholder.swift in Sources */,
				ABB389CE1DB873E2008BF59E /* CodeGeneration.swift in Sources */,
				AB47DA371DB8663D00A7B5E8 /* FontBuilder.swift in Sources */,
				ABB389C51DB873DD008BF59E /* IBReference.swift in Sources */,
				AB47DA391DB8663D00A7B5E8 /* ColorBuilder.swift in Sources */,
				AB47DA411DB8663D00A7B5E8 /* OptionSetBuilder.swift in Sources */,
				ABB389CD1DB873E2008BF59E /* RValues.swift in Sources */,
				ABB389D51DB901F0008BF59E /* AchorageConstraintBuilder.swift in Sources */,
				AB47DA291DB8663D00A7B5E8 /* ButtonStateBuilder.swift in Sources */,
			);
			runOnlyForDeploymentPostprocessing = 0;
		};
/* End PBXSourcesBuildPhase section */

/* Begin XCBuildConfiguration section */
		AB47D9B11DB5A3DD00A7B5E8 /* Debug */ = {
			isa = XCBuildConfiguration;
			buildSettings = {
				ALWAYS_SEARCH_USER_PATHS = NO;
				CLANG_ANALYZER_NONNULL = YES;
				CLANG_CXX_LANGUAGE_STANDARD = "gnu++0x";
				CLANG_CXX_LIBRARY = "libc++";
				CLANG_ENABLE_MODULES = YES;
				CLANG_ENABLE_OBJC_ARC = YES;
				CLANG_WARN_BOOL_CONVERSION = YES;
				CLANG_WARN_CONSTANT_CONVERSION = YES;
				CLANG_WARN_DIRECT_OBJC_ISA_USAGE = YES_ERROR;
				CLANG_WARN_DOCUMENTATION_COMMENTS = YES;
				CLANG_WARN_EMPTY_BODY = YES;
				CLANG_WARN_ENUM_CONVERSION = YES;
				CLANG_WARN_INFINITE_RECURSION = YES;
				CLANG_WARN_INT_CONVERSION = YES;
				CLANG_WARN_OBJC_ROOT_CLASS = YES_ERROR;
				CLANG_WARN_SUSPICIOUS_MOVES = YES;
				CLANG_WARN_UNREACHABLE_CODE = YES;
				CLANG_WARN__DUPLICATE_METHOD_MATCH = YES;
				CODE_SIGN_IDENTITY = "-";
				COPY_PHASE_STRIP = NO;
				DEBUG_INFORMATION_FORMAT = dwarf;
				ENABLE_STRICT_OBJC_MSGSEND = YES;
				ENABLE_TESTABILITY = YES;
				GCC_C_LANGUAGE_STANDARD = gnu99;
				GCC_DYNAMIC_NO_PIC = NO;
				GCC_NO_COMMON_BLOCKS = YES;
				GCC_OPTIMIZATION_LEVEL = 0;
				GCC_PREPROCESSOR_DEFINITIONS = (
					"DEBUG=1",
					"$(inherited)",
				);
				GCC_WARN_64_TO_32_BIT_CONVERSION = YES;
				GCC_WARN_ABOUT_RETURN_TYPE = YES_ERROR;
				GCC_WARN_UNDECLARED_SELECTOR = YES;
				GCC_WARN_UNINITIALIZED_AUTOS = YES_AGGRESSIVE;
				GCC_WARN_UNUSED_FUNCTION = YES;
				GCC_WARN_UNUSED_VARIABLE = YES;
				MACOSX_DEPLOYMENT_TARGET = 10.11;
				MTL_ENABLE_DEBUG_INFO = YES;
				ONLY_ACTIVE_ARCH = YES;
				SDKROOT = macosx;
				SWIFT_OPTIMIZATION_LEVEL = "-Onone";
			};
			name = Debug;
		};
		AB47D9B21DB5A3DD00A7B5E8 /* Release */ = {
			isa = XCBuildConfiguration;
			buildSettings = {
				ALWAYS_SEARCH_USER_PATHS = NO;
				CLANG_ANALYZER_NONNULL = YES;
				CLANG_CXX_LANGUAGE_STANDARD = "gnu++0x";
				CLANG_CXX_LIBRARY = "libc++";
				CLANG_ENABLE_MODULES = YES;
				CLANG_ENABLE_OBJC_ARC = YES;
				CLANG_WARN_BOOL_CONVERSION = YES;
				CLANG_WARN_CONSTANT_CONVERSION = YES;
				CLANG_WARN_DIRECT_OBJC_ISA_USAGE = YES_ERROR;
				CLANG_WARN_DOCUMENTATION_COMMENTS = YES;
				CLANG_WARN_EMPTY_BODY = YES;
				CLANG_WARN_ENUM_CONVERSION = YES;
				CLANG_WARN_INFINITE_RECURSION = YES;
				CLANG_WARN_INT_CONVERSION = YES;
				CLANG_WARN_OBJC_ROOT_CLASS = YES_ERROR;
				CLANG_WARN_SUSPICIOUS_MOVES = YES;
				CLANG_WARN_UNREACHABLE_CODE = YES;
				CLANG_WARN__DUPLICATE_METHOD_MATCH = YES;
				CODE_SIGN_IDENTITY = "-";
				COPY_PHASE_STRIP = NO;
				DEBUG_INFORMATION_FORMAT = "dwarf-with-dsym";
				ENABLE_NS_ASSERTIONS = NO;
				ENABLE_STRICT_OBJC_MSGSEND = YES;
				GCC_C_LANGUAGE_STANDARD = gnu99;
				GCC_NO_COMMON_BLOCKS = YES;
				GCC_WARN_64_TO_32_BIT_CONVERSION = YES;
				GCC_WARN_ABOUT_RETURN_TYPE = YES_ERROR;
				GCC_WARN_UNDECLARED_SELECTOR = YES;
				GCC_WARN_UNINITIALIZED_AUTOS = YES_AGGRESSIVE;
				GCC_WARN_UNUSED_FUNCTION = YES;
				GCC_WARN_UNUSED_VARIABLE = YES;
				MACOSX_DEPLOYMENT_TARGET = 10.11;
				MTL_ENABLE_DEBUG_INFO = NO;
				SDKROOT = macosx;
			};
			name = Release;
		};
		AB47D9B41DB5A3DD00A7B5E8 /* Debug */ = {
			isa = XCBuildConfiguration;
			buildSettings = {
				PRODUCT_NAME = "$(TARGET_NAME)";
				SWIFT_VERSION = 3.0;
			};
			name = Debug;
		};
		AB47D9B51DB5A3DD00A7B5E8 /* Release */ = {
			isa = XCBuildConfiguration;
			buildSettings = {
				PRODUCT_NAME = "$(TARGET_NAME)";
				SWIFT_VERSION = 3.0;
			};
			name = Release;
		};
		AB47D9D21DB5AF1A00A7B5E8 /* Debug */ = {
			isa = XCBuildConfiguration;
			buildSettings = {
				COMBINE_HIDPI_IMAGES = YES;
				INFOPLIST_FILE = EjectTests/Info.plist;
				LD_RUNPATH_SEARCH_PATHS = "$(inherited) @executable_path/../Frameworks @loader_path/../Frameworks";
				PRODUCT_BUNDLE_IDENTIFIER = com.brianking.EjectTests;
				PRODUCT_NAME = "$(TARGET_NAME)";
				SWIFT_ACTIVE_COMPILATION_CONDITIONS = DEBUG;
				SWIFT_VERSION = 3.0;
			};
			name = Debug;
		};
		AB47D9D31DB5AF1A00A7B5E8 /* Release */ = {
			isa = XCBuildConfiguration;
			buildSettings = {
				COMBINE_HIDPI_IMAGES = YES;
				INFOPLIST_FILE = EjectTests/Info.plist;
				LD_RUNPATH_SEARCH_PATHS = "$(inherited) @executable_path/../Frameworks @loader_path/../Frameworks";
				PRODUCT_BUNDLE_IDENTIFIER = com.brianking.EjectTests;
				PRODUCT_NAME = "$(TARGET_NAME)";
				SWIFT_OPTIMIZATION_LEVEL = "-Owholemodule";
				SWIFT_VERSION = 3.0;
			};
			name = Release;
		};
/* End XCBuildConfiguration section */

/* Begin XCConfigurationList section */
		AB47D9A71DB5A3DD00A7B5E8 /* Build configuration list for PBXProject "Eject" */ = {
			isa = XCConfigurationList;
			buildConfigurations = (
				AB47D9B11DB5A3DD00A7B5E8 /* Debug */,
				AB47D9B21DB5A3DD00A7B5E8 /* Release */,
			);
			defaultConfigurationIsVisible = 0;
			defaultConfigurationName = Release;
		};
		AB47D9B31DB5A3DD00A7B5E8 /* Build configuration list for PBXNativeTarget "Eject" */ = {
			isa = XCConfigurationList;
			buildConfigurations = (
				AB47D9B41DB5A3DD00A7B5E8 /* Debug */,
				AB47D9B51DB5A3DD00A7B5E8 /* Release */,
			);
			defaultConfigurationIsVisible = 0;
			defaultConfigurationName = Release;
		};
		AB47D9D11DB5AF1A00A7B5E8 /* Build configuration list for PBXNativeTarget "EjectTests" */ = {
			isa = XCConfigurationList;
			buildConfigurations = (
				AB47D9D21DB5AF1A00A7B5E8 /* Debug */,
				AB47D9D31DB5AF1A00A7B5E8 /* Release */,
			);
			defaultConfigurationIsVisible = 0;
			defaultConfigurationName = Release;
		};
/* End XCConfigurationList section */
	};
	rootObject = AB47D9A41DB5A3DD00A7B5E8 /* Project object */;
}
