// !$*UTF8*$!
{
	archiveVersion = 1;
	classes = {
	};
	objectVersion = 46;
	objects = {

/* Begin PBXBuildFile section */
		AB477E321DBEAD51000A0A56 /* AutoresizingMaskBuilder.swift in Sources */ = {isa = PBXBuildFile; fileRef = AB477E311DBEAD51000A0A56 /* AutoresizingMaskBuilder.swift */; };
		AB477E341DBF8F2E000A0A56 /* Statement.swift in Sources */ = {isa = PBXBuildFile; fileRef = AB477E331DBF8F2E000A0A56 /* Statement.swift */; };
		AB530CBD1DD0CD8D00B54516 /* SimpleXMLParser.swift in Sources */ = {isa = PBXBuildFile; fileRef = AB530CBC1DD0CD8D00B54516 /* SimpleXMLParser.swift */; };
		AB530CD41DD101DE00B54516 /* EjectKitTests.swift in Sources */ = {isa = PBXBuildFile; fileRef = AB530CCE1DD101DE00B54516 /* EjectKitTests.swift */; };
		AB530CD51DD101DE00B54516 /* Info.plist in Resources */ = {isa = PBXBuildFile; fileRef = AB530CCF1DD101DE00B54516 /* Info.plist */; };
		AB530CD61DD101DE00B54516 /* InspectorPropertyConfigurationTests.swift in Sources */ = {isa = PBXBuildFile; fileRef = AB530CD01DD101DE00B54516 /* InspectorPropertyConfigurationTests.swift */; };
		AB530CD71DD101DE00B54516 /* WebBrowserViewController.xibtest in Resources */ = {isa = PBXBuildFile; fileRef = AB530CD21DD101DE00B54516 /* WebBrowserViewController.xibtest */; };
		AB530CD81DD101DE00B54516 /* SimpleXMLParserTests.swift in Sources */ = {isa = PBXBuildFile; fileRef = AB530CD31DD101DE00B54516 /* SimpleXMLParserTests.swift */; };
		ABB38A361DB95EA0008BF59E /* EjectKit.framework in Frameworks */ = {isa = PBXBuildFile; fileRef = ABB38A2D1DB95EA0008BF59E /* EjectKit.framework */; };
		ABB38A3F1DB95EA0008BF59E /* EjectKit.h in Headers */ = {isa = PBXBuildFile; fileRef = ABB38A2F1DB95EA0008BF59E /* EjectKit.h */; settings = {ATTRIBUTES = (Public, ); }; };
		ABB38A421DB95EA0008BF59E /* EjectKit.framework in Frameworks */ = {isa = PBXBuildFile; fileRef = ABB38A2D1DB95EA0008BF59E /* EjectKit.framework */; };
		ABB38A441DB95EA0008BF59E /* EjectKit.framework in Embed Frameworks */ = {isa = PBXBuildFile; fileRef = ABB38A2D1DB95EA0008BF59E /* EjectKit.framework */; settings = {ATTRIBUTES = (CodeSignOnCopy, RemoveHeadersOnCopy, ); }; };
		ABB38A4F1DB95F6D008BF59E /* XIBParser.swift in Sources */ = {isa = PBXBuildFile; fileRef = ABB38A081DB95DDB008BF59E /* XIBParser.swift */; };
		ABB38A501DB95F6D008BF59E /* XIBDocument.swift in Sources */ = {isa = PBXBuildFile; fileRef = ABB38A011DB95DDB008BF59E /* XIBDocument.swift */; };
		ABB38A531DB95F6D008BF59E /* Reference.swift in Sources */ = {isa = PBXBuildFile; fileRef = ABB38A041DB95DDB008BF59E /* Reference.swift */; };
		ABB38A541DB95F6D008BF59E /* Values.swift in Sources */ = {isa = PBXBuildFile; fileRef = ABB38A051DB95DDB008BF59E /* Values.swift */; };
		ABB38A551DB95F6D008BF59E /* VariableConfiguration.swift in Sources */ = {isa = PBXBuildFile; fileRef = ABB38A071DB95DDB008BF59E /* VariableConfiguration.swift */; };
		ABB38A561DB95F6D008BF59E /* DocumentBuilder.swift in Sources */ = {isa = PBXBuildFile; fileRef = ABB389F31DB95DDB008BF59E /* DocumentBuilder.swift */; };
		ABB38A571DB95F6D008BF59E /* CocoaTouchBuilder.swift in Sources */ = {isa = PBXBuildFile; fileRef = ABB389F11DB95DDB008BF59E /* CocoaTouchBuilder.swift */; };
		ABB38A581DB95F6D008BF59E /* ObjectBuilder.swift in Sources */ = {isa = PBXBuildFile; fileRef = ABB389F61DB95DDB008BF59E /* ObjectBuilder.swift */; };
		ABB38A5A1DB95F6D008BF59E /* OutletBuilder.swift in Sources */ = {isa = PBXBuildFile; fileRef = ABB389F81DB95DDB008BF59E /* OutletBuilder.swift */; };
		ABB38A5B1DB95F6D008BF59E /* KeyValueBuilder.swift in Sources */ = {isa = PBXBuildFile; fileRef = ABB389F51DB95DDB008BF59E /* KeyValueBuilder.swift */; };
		ABB38A5C1DB95F6D008BF59E /* StructBuilder.swift in Sources */ = {isa = PBXBuildFile; fileRef = ABB389FA1DB95DDB008BF59E /* StructBuilder.swift */; };
		ABB38A5D1DB95F6D008BF59E /* OptionSetBuilder.swift in Sources */ = {isa = PBXBuildFile; fileRef = ABB389F71DB95DDB008BF59E /* OptionSetBuilder.swift */; };
		ABB38A5E1DB95F6D008BF59E /* ColorBuilder.swift in Sources */ = {isa = PBXBuildFile; fileRef = ABB389F21DB95DDB008BF59E /* ColorBuilder.swift */; };
		ABB38A5F1DB95F6D008BF59E /* FontBuilder.swift in Sources */ = {isa = PBXBuildFile; fileRef = ABB389F41DB95DDB008BF59E /* FontBuilder.swift */; };
		ABB38A601DB95F6D008BF59E /* SubviewBuilder.swift in Sources */ = {isa = PBXBuildFile; fileRef = ABB389FB1DB95DDB008BF59E /* SubviewBuilder.swift */; };
		ABB38A611DB95F6D008BF59E /* AchorageConstraintBuilder.swift in Sources */ = {isa = PBXBuildFile; fileRef = ABB38A261DB95E04008BF59E /* AchorageConstraintBuilder.swift */; };
		ABB38A621DB95F6D008BF59E /* UserDefinedAttributesBuilder.swift in Sources */ = {isa = PBXBuildFile; fileRef = ABB389FC1DB95DDB008BF59E /* UserDefinedAttributesBuilder.swift */; };
		ABB38A631DB95F6D008BF59E /* ButtonStateBuilder.swift in Sources */ = {isa = PBXBuildFile; fileRef = ABB389F01DB95DDB008BF59E /* ButtonStateBuilder.swift */; };
		ABB38A641DB95F6D008BF59E /* CodeGeneration.swift in Sources */ = {isa = PBXBuildFile; fileRef = ABB389FD1DB95DDB008BF59E /* CodeGeneration.swift */; };
		ABB38A651DB95F6D008BF59E /* Initializer.swift in Sources */ = {isa = PBXBuildFile; fileRef = ABB389FE1DB95DDB008BF59E /* Initializer.swift */; };
		ABB38A661DB95F6D008BF59E /* Foundation+Eject.swift in Sources */ = {isa = PBXBuildFile; fileRef = ABB38A061DB95DDB008BF59E /* Foundation+Eject.swift */; };
		ABB38A6B1DB979A8008BF59E /* ActionBuilder.swift in Sources */ = {isa = PBXBuildFile; fileRef = ABB38A6A1DB979A8008BF59E /* ActionBuilder.swift */; };
		ABF8D9091DC0668A008D9178 /* main.swift in Sources */ = {isa = PBXBuildFile; fileRef = ABF8D9081DC0668A008D9178 /* main.swift */; };
		ABF8D90B1DC1197C008D9178 /* SegmentsBuilder.swift in Sources */ = {isa = PBXBuildFile; fileRef = ABF8D90A1DC1197C008D9178 /* SegmentsBuilder.swift */; };
		ABF8D90D1DC11A7C008D9178 /* ConfigurationContext.swift in Sources */ = {isa = PBXBuildFile; fileRef = ABF8D90C1DC11A7C008D9178 /* ConfigurationContext.swift */; };
		ABF8D90F1DC11E75008D9178 /* ValueFormat.swift in Sources */ = {isa = PBXBuildFile; fileRef = ABF8D90E1DC11E75008D9178 /* ValueFormat.swift */; };
/* End PBXBuildFile section */

/* Begin PBXContainerItemProxy section */
		ABB38A371DB95EA0008BF59E /* PBXContainerItemProxy */ = {
			isa = PBXContainerItemProxy;
			containerPortal = AB47D9A41DB5A3DD00A7B5E8 /* Project object */;
			proxyType = 1;
			remoteGlobalIDString = ABB38A2C1DB95EA0008BF59E;
			remoteInfo = EjectKit;
		};
		ABB38A401DB95EA0008BF59E /* PBXContainerItemProxy */ = {
			isa = PBXContainerItemProxy;
			containerPortal = AB47D9A41DB5A3DD00A7B5E8 /* Project object */;
			proxyType = 1;
			remoteGlobalIDString = ABB38A2C1DB95EA0008BF59E;
			remoteInfo = EjectKit;
		};
/* End PBXContainerItemProxy section */

/* Begin PBXCopyFilesBuildPhase section */
		ABB38A431DB95EA0008BF59E /* Embed Frameworks */ = {
			isa = PBXCopyFilesBuildPhase;
			buildActionMask = 2147483647;
			dstPath = "";
			dstSubfolderSpec = 10;
			files = (
				ABB38A441DB95EA0008BF59E /* EjectKit.framework in Embed Frameworks */,
			);
			name = "Embed Frameworks";
			runOnlyForDeploymentPostprocessing = 0;
		};
/* End PBXCopyFilesBuildPhase section */

/* Begin PBXFileReference section */
		AB477E2F1DBEAA1E000A0A56 /* README.md */ = {isa = PBXFileReference; fileEncoding = 4; lastKnownFileType = net.daringfireball.markdown; path = README.md; sourceTree = "<group>"; };
		AB477E311DBEAD51000A0A56 /* AutoresizingMaskBuilder.swift */ = {isa = PBXFileReference; fileEncoding = 4; lastKnownFileType = sourcecode.swift; path = AutoresizingMaskBuilder.swift; sourceTree = "<group>"; };
		AB477E331DBF8F2E000A0A56 /* Statement.swift */ = {isa = PBXFileReference; fileEncoding = 4; lastKnownFileType = sourcecode.swift; path = Statement.swift; sourceTree = "<group>"; };
		AB530CBC1DD0CD8D00B54516 /* SimpleXMLParser.swift */ = {isa = PBXFileReference; fileEncoding = 4; lastKnownFileType = sourcecode.swift; path = SimpleXMLParser.swift; sourceTree = "<group>"; };
		AB530CCE1DD101DE00B54516 /* EjectKitTests.swift */ = {isa = PBXFileReference; fileEncoding = 4; lastKnownFileType = sourcecode.swift; path = EjectKitTests.swift; sourceTree = "<group>"; };
		AB530CCF1DD101DE00B54516 /* Info.plist */ = {isa = PBXFileReference; fileEncoding = 4; lastKnownFileType = text.plist.xml; path = Info.plist; sourceTree = "<group>"; };
		AB530CD01DD101DE00B54516 /* InspectorPropertyConfigurationTests.swift */ = {isa = PBXFileReference; fileEncoding = 4; lastKnownFileType = sourcecode.swift; path = InspectorPropertyConfigurationTests.swift; sourceTree = "<group>"; };
		AB530CD21DD101DE00B54516 /* WebBrowserViewController.xibtest */ = {isa = PBXFileReference; fileEncoding = 4; lastKnownFileType = text.xml; path = WebBrowserViewController.xibtest; sourceTree = "<group>"; };
		AB530CD31DD101DE00B54516 /* SimpleXMLParserTests.swift */ = {isa = PBXFileReference; fileEncoding = 4; lastKnownFileType = sourcecode.swift; path = SimpleXMLParserTests.swift; sourceTree = "<group>"; };
		ABB389DA1DB95D00008BF59E /* eject.app */ = {isa = PBXFileReference; explicitFileType = wrapper.application; includeInIndex = 0; path = eject.app; sourceTree = BUILT_PRODUCTS_DIR; };
		ABB389EC1DB95DDA008BF59E /* Info.plist */ = {isa = PBXFileReference; fileEncoding = 4; lastKnownFileType = text.plist.xml; path = Info.plist; sourceTree = "<group>"; };
		ABB389F01DB95DDB008BF59E /* ButtonStateBuilder.swift */ = {isa = PBXFileReference; fileEncoding = 4; lastKnownFileType = sourcecode.swift; path = ButtonStateBuilder.swift; sourceTree = "<group>"; };
		ABB389F11DB95DDB008BF59E /* CocoaTouchBuilder.swift */ = {isa = PBXFileReference; fileEncoding = 4; lastKnownFileType = sourcecode.swift; path = CocoaTouchBuilder.swift; sourceTree = "<group>"; };
		ABB389F21DB95DDB008BF59E /* ColorBuilder.swift */ = {isa = PBXFileReference; fileEncoding = 4; lastKnownFileType = sourcecode.swift; path = ColorBuilder.swift; sourceTree = "<group>"; };
		ABB389F31DB95DDB008BF59E /* DocumentBuilder.swift */ = {isa = PBXFileReference; fileEncoding = 4; lastKnownFileType = sourcecode.swift; path = DocumentBuilder.swift; sourceTree = "<group>"; };
		ABB389F41DB95DDB008BF59E /* FontBuilder.swift */ = {isa = PBXFileReference; fileEncoding = 4; lastKnownFileType = sourcecode.swift; path = FontBuilder.swift; sourceTree = "<group>"; };
		ABB389F51DB95DDB008BF59E /* KeyValueBuilder.swift */ = {isa = PBXFileReference; fileEncoding = 4; lastKnownFileType = sourcecode.swift; path = KeyValueBuilder.swift; sourceTree = "<group>"; };
		ABB389F61DB95DDB008BF59E /* ObjectBuilder.swift */ = {isa = PBXFileReference; fileEncoding = 4; lastKnownFileType = sourcecode.swift; path = ObjectBuilder.swift; sourceTree = "<group>"; };
		ABB389F71DB95DDB008BF59E /* OptionSetBuilder.swift */ = {isa = PBXFileReference; fileEncoding = 4; lastKnownFileType = sourcecode.swift; path = OptionSetBuilder.swift; sourceTree = "<group>"; };
		ABB389F81DB95DDB008BF59E /* OutletBuilder.swift */ = {isa = PBXFileReference; fileEncoding = 4; lastKnownFileType = sourcecode.swift; path = OutletBuilder.swift; sourceTree = "<group>"; };
		ABB389FA1DB95DDB008BF59E /* StructBuilder.swift */ = {isa = PBXFileReference; fileEncoding = 4; lastKnownFileType = sourcecode.swift; path = StructBuilder.swift; sourceTree = "<group>"; };
		ABB389FB1DB95DDB008BF59E /* SubviewBuilder.swift */ = {isa = PBXFileReference; fileEncoding = 4; lastKnownFileType = sourcecode.swift; path = SubviewBuilder.swift; sourceTree = "<group>"; };
		ABB389FC1DB95DDB008BF59E /* UserDefinedAttributesBuilder.swift */ = {isa = PBXFileReference; fileEncoding = 4; lastKnownFileType = sourcecode.swift; path = UserDefinedAttributesBuilder.swift; sourceTree = "<group>"; };
		ABB389FD1DB95DDB008BF59E /* CodeGeneration.swift */ = {isa = PBXFileReference; fileEncoding = 4; lastKnownFileType = sourcecode.swift; path = CodeGeneration.swift; sourceTree = "<group>"; };
		ABB389FE1DB95DDB008BF59E /* Initializer.swift */ = {isa = PBXFileReference; fileEncoding = 4; lastKnownFileType = sourcecode.swift; path = Initializer.swift; sourceTree = "<group>"; };
		ABB38A011DB95DDB008BF59E /* XIBDocument.swift */ = {isa = PBXFileReference; fileEncoding = 4; lastKnownFileType = sourcecode.swift; path = XIBDocument.swift; sourceTree = "<group>"; };
		ABB38A041DB95DDB008BF59E /* Reference.swift */ = {isa = PBXFileReference; fileEncoding = 4; lastKnownFileType = sourcecode.swift; path = Reference.swift; sourceTree = "<group>"; };
		ABB38A051DB95DDB008BF59E /* Values.swift */ = {isa = PBXFileReference; fileEncoding = 4; lastKnownFileType = sourcecode.swift; path = Values.swift; sourceTree = "<group>"; };
		ABB38A061DB95DDB008BF59E /* Foundation+Eject.swift */ = {isa = PBXFileReference; fileEncoding = 4; lastKnownFileType = sourcecode.swift; path = "Foundation+Eject.swift"; sourceTree = "<group>"; };
		ABB38A071DB95DDB008BF59E /* VariableConfiguration.swift */ = {isa = PBXFileReference; fileEncoding = 4; lastKnownFileType = sourcecode.swift; path = VariableConfiguration.swift; sourceTree = "<group>"; };
		ABB38A081DB95DDB008BF59E /* XIBParser.swift */ = {isa = PBXFileReference; fileEncoding = 4; lastKnownFileType = sourcecode.swift; path = XIBParser.swift; sourceTree = "<group>"; };
		ABB38A261DB95E04008BF59E /* AchorageConstraintBuilder.swift */ = {isa = PBXFileReference; fileEncoding = 4; lastKnownFileType = sourcecode.swift; path = AchorageConstraintBuilder.swift; sourceTree = "<group>"; };
		ABB38A2D1DB95EA0008BF59E /* EjectKit.framework */ = {isa = PBXFileReference; explicitFileType = wrapper.framework; includeInIndex = 0; path = EjectKit.framework; sourceTree = BUILT_PRODUCTS_DIR; };
		ABB38A2F1DB95EA0008BF59E /* EjectKit.h */ = {isa = PBXFileReference; lastKnownFileType = sourcecode.c.h; path = EjectKit.h; sourceTree = "<group>"; };
		ABB38A301DB95EA0008BF59E /* Info.plist */ = {isa = PBXFileReference; lastKnownFileType = text.plist.xml; path = Info.plist; sourceTree = "<group>"; };
		ABB38A351DB95EA0008BF59E /* EjectKitTests.xctest */ = {isa = PBXFileReference; explicitFileType = wrapper.cfbundle; includeInIndex = 0; path = EjectKitTests.xctest; sourceTree = BUILT_PRODUCTS_DIR; };
		ABB38A6A1DB979A8008BF59E /* ActionBuilder.swift */ = {isa = PBXFileReference; fileEncoding = 4; lastKnownFileType = sourcecode.swift; path = ActionBuilder.swift; sourceTree = "<group>"; };
		ABF8D9081DC0668A008D9178 /* main.swift */ = {isa = PBXFileReference; fileEncoding = 4; lastKnownFileType = sourcecode.swift; path = main.swift; sourceTree = "<group>"; };
		ABF8D90A1DC1197C008D9178 /* SegmentsBuilder.swift */ = {isa = PBXFileReference; fileEncoding = 4; lastKnownFileType = sourcecode.swift; path = SegmentsBuilder.swift; sourceTree = "<group>"; };
		ABF8D90C1DC11A7C008D9178 /* ConfigurationContext.swift */ = {isa = PBXFileReference; fileEncoding = 4; lastKnownFileType = sourcecode.swift; path = ConfigurationContext.swift; sourceTree = "<group>"; };
		ABF8D90E1DC11E75008D9178 /* ValueFormat.swift */ = {isa = PBXFileReference; fileEncoding = 4; lastKnownFileType = sourcecode.swift; path = ValueFormat.swift; sourceTree = "<group>"; };
/* End PBXFileReference section */

/* Begin PBXFrameworksBuildPhase section */
		ABB389D71DB95D00008BF59E /* Frameworks */ = {
			isa = PBXFrameworksBuildPhase;
			buildActionMask = 2147483647;
			files = (
				ABB38A421DB95EA0008BF59E /* EjectKit.framework in Frameworks */,
			);
			runOnlyForDeploymentPostprocessing = 0;
		};
		ABB38A291DB95EA0008BF59E /* Frameworks */ = {
			isa = PBXFrameworksBuildPhase;
			buildActionMask = 2147483647;
			files = (
			);
			runOnlyForDeploymentPostprocessing = 0;
		};
		ABB38A321DB95EA0008BF59E /* Frameworks */ = {
			isa = PBXFrameworksBuildPhase;
			buildActionMask = 2147483647;
			files = (
				ABB38A361DB95EA0008BF59E /* EjectKit.framework in Frameworks */,
			);
			runOnlyForDeploymentPostprocessing = 0;
		};
/* End PBXFrameworksBuildPhase section */

/* Begin PBXGroup section */
		AB47D9A31DB5A3DD00A7B5E8 = {
			isa = PBXGroup;
			children = (
				AB530CCC1DD101DE00B54516 /* Tests */,
				AB477E2F1DBEAA1E000A0A56 /* README.md */,
				ABB389E71DB95DDA008BF59E /* Eject */,
				ABB389ED1DB95DDA008BF59E /* EjectKit */,
				AB47D9AD1DB5A3DD00A7B5E8 /* Products */,
			);
			sourceTree = "<group>";
		};
		AB47D9AD1DB5A3DD00A7B5E8 /* Products */ = {
			isa = PBXGroup;
			children = (
				ABB389DA1DB95D00008BF59E /* eject.app */,
				ABB38A2D1DB95EA0008BF59E /* EjectKit.framework */,
				ABB38A351DB95EA0008BF59E /* EjectKitTests.xctest */,
			);
			name = Products;
			sourceTree = "<group>";
		};
		AB530CCC1DD101DE00B54516 /* Tests */ = {
			isa = PBXGroup;
			children = (
				AB530CCD1DD101DE00B54516 /* EjectKitTests */,
			);
			path = Tests;
			sourceTree = "<group>";
		};
		AB530CCD1DD101DE00B54516 /* EjectKitTests */ = {
			isa = PBXGroup;
			children = (
				AB530CCE1DD101DE00B54516 /* EjectKitTests.swift */,
				AB530CCF1DD101DE00B54516 /* Info.plist */,
				AB530CD01DD101DE00B54516 /* InspectorPropertyConfigurationTests.swift */,
				AB530CD11DD101DE00B54516 /* Resources */,
				AB530CD31DD101DE00B54516 /* SimpleXMLParserTests.swift */,
			);
			path = EjectKitTests;
			sourceTree = "<group>";
		};
		AB530CD11DD101DE00B54516 /* Resources */ = {
			isa = PBXGroup;
			children = (
				AB530CD21DD101DE00B54516 /* WebBrowserViewController.xibtest */,
			);
			path = Resources;
			sourceTree = "<group>";
		};
		ABB389E71DB95DDA008BF59E /* Eject */ = {
			isa = PBXGroup;
			children = (
				ABB389EC1DB95DDA008BF59E /* Info.plist */,
				ABF8D9081DC0668A008D9178 /* main.swift */,
			);
			path = Eject;
			sourceTree = "<group>";
		};
		ABB389ED1DB95DDA008BF59E /* EjectKit */ = {
			isa = PBXGroup;
			children = (
				ABB38A2F1DB95EA0008BF59E /* EjectKit.h */,
				ABB38A301DB95EA0008BF59E /* Info.plist */,
				ABB38A081DB95DDB008BF59E /* XIBParser.swift */,
				ABB38A001DB95DDB008BF59E /* Model */,
				ABB389EF1DB95DDB008BF59E /* Builder */,
				ABF8D90E1DC11E75008D9178 /* ValueFormat.swift */,
				ABB38A051DB95DDB008BF59E /* Values.swift */,
				ABB389FE1DB95DDB008BF59E /* Initializer.swift */,
				ABF8D90C1DC11A7C008D9178 /* ConfigurationContext.swift */,
				ABB38A071DB95DDB008BF59E /* VariableConfiguration.swift */,
				ABB389FD1DB95DDB008BF59E /* CodeGeneration.swift */,
				ABB38A061DB95DDB008BF59E /* Foundation+Eject.swift */,
				AB530CBC1DD0CD8D00B54516 /* SimpleXMLParser.swift */,
			);
			path = EjectKit;
			sourceTree = "<group>";
		};
		ABB389EF1DB95DDB008BF59E /* Builder */ = {
			isa = PBXGroup;
			children = (
				ABB389F31DB95DDB008BF59E /* DocumentBuilder.swift */,
				ABB389F11DB95DDB008BF59E /* CocoaTouchBuilder.swift */,
				ABB389F61DB95DDB008BF59E /* ObjectBuilder.swift */,
				ABB389F81DB95DDB008BF59E /* OutletBuilder.swift */,
				ABB389F51DB95DDB008BF59E /* KeyValueBuilder.swift */,
				ABB389FA1DB95DDB008BF59E /* StructBuilder.swift */,
				ABB389F71DB95DDB008BF59E /* OptionSetBuilder.swift */,
				ABB389F21DB95DDB008BF59E /* ColorBuilder.swift */,
				ABB389F41DB95DDB008BF59E /* FontBuilder.swift */,
				AB477E311DBEAD51000A0A56 /* AutoresizingMaskBuilder.swift */,
				ABB389FB1DB95DDB008BF59E /* SubviewBuilder.swift */,
				ABB38A261DB95E04008BF59E /* AchorageConstraintBuilder.swift */,
				ABB389FC1DB95DDB008BF59E /* UserDefinedAttributesBuilder.swift */,
				ABB389F01DB95DDB008BF59E /* ButtonStateBuilder.swift */,
				ABB38A6A1DB979A8008BF59E /* ActionBuilder.swift */,
				ABF8D90A1DC1197C008D9178 /* SegmentsBuilder.swift */,
			);
			path = Builder;
			sourceTree = "<group>";
		};
		ABB38A001DB95DDB008BF59E /* Model */ = {
			isa = PBXGroup;
			children = (
				ABB38A011DB95DDB008BF59E /* XIBDocument.swift */,
				ABB38A041DB95DDB008BF59E /* Reference.swift */,
				AB477E331DBF8F2E000A0A56 /* Statement.swift */,
			);
			path = Model;
			sourceTree = "<group>";
		};
/* End PBXGroup section */

/* Begin PBXHeadersBuildPhase section */
		ABB38A2A1DB95EA0008BF59E /* Headers */ = {
			isa = PBXHeadersBuildPhase;
			buildActionMask = 2147483647;
			files = (
				ABB38A3F1DB95EA0008BF59E /* EjectKit.h in Headers */,
			);
			runOnlyForDeploymentPostprocessing = 0;
		};
/* End PBXHeadersBuildPhase section */

/* Begin PBXNativeTarget section */
		ABB389D91DB95D00008BF59E /* eject */ = {
			isa = PBXNativeTarget;
			buildConfigurationList = ABB389E41DB95D00008BF59E /* Build configuration list for PBXNativeTarget "eject" */;
			buildPhases = (
				ABB389D61DB95D00008BF59E /* Sources */,
				ABB389D71DB95D00008BF59E /* Frameworks */,
				ABB389D81DB95D00008BF59E /* Resources */,
				ABB38A431DB95EA0008BF59E /* Embed Frameworks */,
				ABF8D9101DC1293A008D9178 /* Extract CLI Tool */,
				ABF8D9111DC12C82008D9178 /* Easy Distribution */,
			);
			buildRules = (
			);
			dependencies = (
				ABB38A411DB95EA0008BF59E /* PBXTargetDependency */,
			);
			name = eject;
			productName = Eject;
			productReference = ABB389DA1DB95D00008BF59E /* eject.app */;
			productType = "com.apple.product-type.application";
		};
		ABB38A2C1DB95EA0008BF59E /* EjectKit */ = {
			isa = PBXNativeTarget;
			buildConfigurationList = ABB38A451DB95EA0008BF59E /* Build configuration list for PBXNativeTarget "EjectKit" */;
			buildPhases = (
				ABB38A281DB95EA0008BF59E /* Sources */,
				ABB38A291DB95EA0008BF59E /* Frameworks */,
				ABB38A2A1DB95EA0008BF59E /* Headers */,
				ABB38A2B1DB95EA0008BF59E /* Resources */,
			);
			buildRules = (
			);
			dependencies = (
			);
			name = EjectKit;
			productName = EjectKit;
			productReference = ABB38A2D1DB95EA0008BF59E /* EjectKit.framework */;
			productType = "com.apple.product-type.framework";
		};
		ABB38A341DB95EA0008BF59E /* EjectKitTests */ = {
			isa = PBXNativeTarget;
			buildConfigurationList = ABB38A481DB95EA0008BF59E /* Build configuration list for PBXNativeTarget "EjectKitTests" */;
			buildPhases = (
				ABB38A311DB95EA0008BF59E /* Sources */,
				ABB38A321DB95EA0008BF59E /* Frameworks */,
				ABB38A331DB95EA0008BF59E /* Resources */,
			);
			buildRules = (
			);
			dependencies = (
				ABB38A381DB95EA0008BF59E /* PBXTargetDependency */,
			);
			name = EjectKitTests;
			productName = EjectKitTests;
			productReference = ABB38A351DB95EA0008BF59E /* EjectKitTests.xctest */;
			productType = "com.apple.product-type.bundle.unit-test";
		};
/* End PBXNativeTarget section */

/* Begin PBXProject section */
		AB47D9A41DB5A3DD00A7B5E8 /* Project object */ = {
			isa = PBXProject;
			attributes = {
				LastSwiftUpdateCheck = 0800;
				LastUpgradeCheck = 0800;
				ORGANIZATIONNAME = "Brian King";
				TargetAttributes = {
					ABB389D91DB95D00008BF59E = {
						CreatedOnToolsVersion = 8.0;
						LastSwiftMigration = 0800;
						ProvisioningStyle = Automatic;
					};
					ABB38A2C1DB95EA0008BF59E = {
						CreatedOnToolsVersion = 8.0;
						ProvisioningStyle = Automatic;
					};
					ABB38A341DB95EA0008BF59E = {
						CreatedOnToolsVersion = 8.0;
						ProvisioningStyle = Automatic;
					};
				};
			};
			buildConfigurationList = AB47D9A71DB5A3DD00A7B5E8 /* Build configuration list for PBXProject "Eject" */;
			compatibilityVersion = "Xcode 3.2";
			developmentRegion = English;
			hasScannedForEncodings = 0;
			knownRegions = (
				en,
				Base,
			);
			mainGroup = AB47D9A31DB5A3DD00A7B5E8;
			productRefGroup = AB47D9AD1DB5A3DD00A7B5E8 /* Products */;
			projectDirPath = "";
			projectRoot = "";
			targets = (
				ABB389D91DB95D00008BF59E /* eject */,
				ABB38A2C1DB95EA0008BF59E /* EjectKit */,
				ABB38A341DB95EA0008BF59E /* EjectKitTests */,
			);
		};
/* End PBXProject section */

/* Begin PBXResourcesBuildPhase section */
		ABB389D81DB95D00008BF59E /* Resources */ = {
			isa = PBXResourcesBuildPhase;
			buildActionMask = 2147483647;
			files = (
				AB530CD71DD101DE00B54516 /* WebBrowserViewController.xibtest in Resources */,
				AB530CD51DD101DE00B54516 /* Info.plist in Resources */,
			);
			runOnlyForDeploymentPostprocessing = 0;
		};
		ABB38A2B1DB95EA0008BF59E /* Resources */ = {
			isa = PBXResourcesBuildPhase;
			buildActionMask = 2147483647;
			files = (
			);
			runOnlyForDeploymentPostprocessing = 0;
		};
		ABB38A331DB95EA0008BF59E /* Resources */ = {
			isa = PBXResourcesBuildPhase;
			buildActionMask = 2147483647;
			files = (
			);
			runOnlyForDeploymentPostprocessing = 0;
		};
/* End PBXResourcesBuildPhase section */

/* Begin PBXShellScriptBuildPhase section */
		ABF8D9101DC1293A008D9178 /* Extract CLI Tool */ = {
			isa = PBXShellScriptBuildPhase;
			buildActionMask = 2147483647;
			files = (
			);
			inputPaths = (
				"$(BUILT_PRODUCTS_DIR)/$(EXECUTABLE_PATH)",
			);
			name = "Extract CLI Tool";
			outputPaths = (
				"$(BUILT_PRODUCTS_DIR)/$(EXECUTABLE_NAME)",
			);
			runOnlyForDeploymentPostprocessing = 0;
			shellPath = /bin/sh;
			shellScript = "cp -v \"${BUILT_PRODUCTS_DIR}/${EXECUTABLE_PATH}\" \"${BUILT_PRODUCTS_DIR}/${EXECUTABLE_NAME}\"\n";
		};
		ABF8D9111DC12C82008D9178 /* Easy Distribution */ = {
			isa = PBXShellScriptBuildPhase;
			buildActionMask = 2147483647;
			files = (
			);
			inputPaths = (
			);
			name = "Easy Distribution";
			outputPaths = (
			);
			runOnlyForDeploymentPostprocessing = 0;
			shellPath = /bin/sh;
			shellScript = "cp -v \"${BUILT_PRODUCTS_DIR}/${EXECUTABLE_NAME}\" \"${SOURCE_DIR}${EXECUTABLE_NAME}-cli\"\n";
		};
/* End PBXShellScriptBuildPhase section */

/* Begin PBXSourcesBuildPhase section */
		ABB389D61DB95D00008BF59E /* Sources */ = {
			isa = PBXSourcesBuildPhase;
			buildActionMask = 2147483647;
			files = (
				AB530CD81DD101DE00B54516 /* SimpleXMLParserTests.swift in Sources */,
				AB530CD41DD101DE00B54516 /* EjectKitTests.swift in Sources */,
				ABF8D9091DC0668A008D9178 /* main.swift in Sources */,
				AB530CD61DD101DE00B54516 /* InspectorPropertyConfigurationTests.swift in Sources */,
			);
			runOnlyForDeploymentPostprocessing = 0;
		};
		ABB38A281DB95EA0008BF59E /* Sources */ = {
			isa = PBXSourcesBuildPhase;
			buildActionMask = 2147483647;
			files = (
				AB477E341DBF8F2E000A0A56 /* Statement.swift in Sources */,
				ABF8D90F1DC11E75008D9178 /* ValueFormat.swift in Sources */,
				ABB38A551DB95F6D008BF59E /* VariableConfiguration.swift in Sources */,
				ABB38A641DB95F6D008BF59E /* CodeGeneration.swift in Sources */,
				ABB38A4F1DB95F6D008BF59E /* XIBParser.swift in Sources */,
				ABB38A601DB95F6D008BF59E /* SubviewBuilder.swift in Sources */,
				ABB38A5E1DB95F6D008BF59E /* ColorBuilder.swift in Sources */,
				ABF8D90D1DC11A7C008D9178 /* ConfigurationContext.swift in Sources */,
				AB530CBD1DD0CD8D00B54516 /* SimpleXMLParser.swift in Sources */,
				ABB38A541DB95F6D008BF59E /* Values.swift in Sources */,
				AB477E321DBEAD51000A0A56 /* AutoresizingMaskBuilder.swift in Sources */,
				ABB38A531DB95F6D008BF59E /* Reference.swift in Sources */,
				ABB38A5D1DB95F6D008BF59E /* OptionSetBuilder.swift in Sources */,
				ABB38A661DB95F6D008BF59E /* Foundation+Eject.swift in Sources */,
				ABB38A5C1DB95F6D008BF59E /* StructBuilder.swift in Sources */,
				ABB38A5B1DB95F6D008BF59E /* KeyValueBuilder.swift in Sources */,
				ABB38A5A1DB95F6D008BF59E /* OutletBuilder.swift in Sources */,
				ABB38A571DB95F6D008BF59E /* CocoaTouchBuilder.swift in Sources */,
				ABB38A651DB95F6D008BF59E /* Initializer.swift in Sources */,
				ABF8D90B1DC1197C008D9178 /* SegmentsBuilder.swift in Sources */,
				ABB38A561DB95F6D008BF59E /* DocumentBuilder.swift in Sources */,
				ABB38A6B1DB979A8008BF59E /* ActionBuilder.swift in Sources */,
				ABB38A5F1DB95F6D008BF59E /* FontBuilder.swift in Sources */,
				ABB38A581DB95F6D008BF59E /* ObjectBuilder.swift in Sources */,
				ABB38A621DB95F6D008BF59E /* UserDefinedAttributesBuilder.swift in Sources */,
				ABB38A501DB95F6D008BF59E /* XIBDocument.swift in Sources */,
				ABB38A611DB95F6D008BF59E /* AchorageConstraintBuilder.swift in Sources */,
				ABB38A631DB95F6D008BF59E /* ButtonStateBuilder.swift in Sources */,
			);
			runOnlyForDeploymentPostprocessing = 0;
		};
		ABB38A311DB95EA0008BF59E /* Sources */ = {
			isa = PBXSourcesBuildPhase;
			buildActionMask = 2147483647;
			files = (
			);
			runOnlyForDeploymentPostprocessing = 0;
		};
/* End PBXSourcesBuildPhase section */

/* Begin PBXTargetDependency section */
		ABB38A381DB95EA0008BF59E /* PBXTargetDependency */ = {
			isa = PBXTargetDependency;
			target = ABB38A2C1DB95EA0008BF59E /* EjectKit */;
			targetProxy = ABB38A371DB95EA0008BF59E /* PBXContainerItemProxy */;
		};
		ABB38A411DB95EA0008BF59E /* PBXTargetDependency */ = {
			isa = PBXTargetDependency;
			target = ABB38A2C1DB95EA0008BF59E /* EjectKit */;
			targetProxy = ABB38A401DB95EA0008BF59E /* PBXContainerItemProxy */;
		};
/* End PBXTargetDependency section */

/* Begin XCBuildConfiguration section */
		AB47D9B11DB5A3DD00A7B5E8 /* Debug */ = {
			isa = XCBuildConfiguration;
			buildSettings = {
				ALWAYS_SEARCH_USER_PATHS = NO;
				CLANG_ANALYZER_NONNULL = YES;
				CLANG_CXX_LANGUAGE_STANDARD = "gnu++0x";
				CLANG_CXX_LIBRARY = "libc++";
				CLANG_ENABLE_MODULES = YES;
				CLANG_ENABLE_OBJC_ARC = YES;
				CLANG_WARN_BOOL_CONVERSION = YES;
				CLANG_WARN_CONSTANT_CONVERSION = YES;
				CLANG_WARN_DIRECT_OBJC_ISA_USAGE = YES_ERROR;
				CLANG_WARN_DOCUMENTATION_COMMENTS = YES;
				CLANG_WARN_EMPTY_BODY = YES;
				CLANG_WARN_ENUM_CONVERSION = YES;
				CLANG_WARN_INFINITE_RECURSION = YES;
				CLANG_WARN_INT_CONVERSION = YES;
				CLANG_WARN_OBJC_ROOT_CLASS = YES_ERROR;
				CLANG_WARN_SUSPICIOUS_MOVES = YES;
				CLANG_WARN_UNREACHABLE_CODE = YES;
				CLANG_WARN__DUPLICATE_METHOD_MATCH = YES;
				CODE_SIGN_IDENTITY = "";
				COPY_PHASE_STRIP = NO;
				DEBUG_INFORMATION_FORMAT = dwarf;
				ENABLE_STRICT_OBJC_MSGSEND = YES;
				ENABLE_TESTABILITY = YES;
				GCC_C_LANGUAGE_STANDARD = gnu99;
				GCC_DYNAMIC_NO_PIC = NO;
				GCC_NO_COMMON_BLOCKS = YES;
				GCC_OPTIMIZATION_LEVEL = 0;
				GCC_PREPROCESSOR_DEFINITIONS = (
					"DEBUG=1",
					"$(inherited)",
				);
				GCC_WARN_64_TO_32_BIT_CONVERSION = YES;
				GCC_WARN_ABOUT_RETURN_TYPE = YES_ERROR;
				GCC_WARN_UNDECLARED_SELECTOR = YES;
				GCC_WARN_UNINITIALIZED_AUTOS = YES_AGGRESSIVE;
				GCC_WARN_UNUSED_FUNCTION = YES;
				GCC_WARN_UNUSED_VARIABLE = YES;
				MACOSX_DEPLOYMENT_TARGET = 10.11;
				MTL_ENABLE_DEBUG_INFO = YES;
				ONLY_ACTIVE_ARCH = YES;
				SDKROOT = macosx;
				SWIFT_OPTIMIZATION_LEVEL = "-Onone";
			};
			name = Debug;
		};
		AB47D9B21DB5A3DD00A7B5E8 /* Release */ = {
			isa = XCBuildConfiguration;
			buildSettings = {
				ALWAYS_SEARCH_USER_PATHS = NO;
				CLANG_ANALYZER_NONNULL = YES;
				CLANG_CXX_LANGUAGE_STANDARD = "gnu++0x";
				CLANG_CXX_LIBRARY = "libc++";
				CLANG_ENABLE_MODULES = YES;
				CLANG_ENABLE_OBJC_ARC = YES;
				CLANG_WARN_BOOL_CONVERSION = YES;
				CLANG_WARN_CONSTANT_CONVERSION = YES;
				CLANG_WARN_DIRECT_OBJC_ISA_USAGE = YES_ERROR;
				CLANG_WARN_DOCUMENTATION_COMMENTS = YES;
				CLANG_WARN_EMPTY_BODY = YES;
				CLANG_WARN_ENUM_CONVERSION = YES;
				CLANG_WARN_INFINITE_RECURSION = YES;
				CLANG_WARN_INT_CONVERSION = YES;
				CLANG_WARN_OBJC_ROOT_CLASS = YES_ERROR;
				CLANG_WARN_SUSPICIOUS_MOVES = YES;
				CLANG_WARN_UNREACHABLE_CODE = YES;
				CLANG_WARN__DUPLICATE_METHOD_MATCH = YES;
				CODE_SIGN_IDENTITY = "";
				COPY_PHASE_STRIP = NO;
				DEBUG_INFORMATION_FORMAT = "dwarf-with-dsym";
				ENABLE_NS_ASSERTIONS = NO;
				ENABLE_STRICT_OBJC_MSGSEND = YES;
				GCC_C_LANGUAGE_STANDARD = gnu99;
				GCC_NO_COMMON_BLOCKS = YES;
				GCC_WARN_64_TO_32_BIT_CONVERSION = YES;
				GCC_WARN_ABOUT_RETURN_TYPE = YES_ERROR;
				GCC_WARN_UNDECLARED_SELECTOR = YES;
				GCC_WARN_UNINITIALIZED_AUTOS = YES_AGGRESSIVE;
				GCC_WARN_UNUSED_FUNCTION = YES;
				GCC_WARN_UNUSED_VARIABLE = YES;
				MACOSX_DEPLOYMENT_TARGET = 10.11;
				MTL_ENABLE_DEBUG_INFO = NO;
				SDKROOT = macosx;
			};
			name = Release;
		};
		ABB389E51DB95D00008BF59E /* Debug */ = {
			isa = XCBuildConfiguration;
			buildSettings = {
				ALWAYS_EMBED_SWIFT_STANDARD_LIBRARIES = YES;
				ASSETCATALOG_COMPILER_APPICON_NAME = AppIcon;
				CLANG_ENABLE_MODULES = YES;
				COMBINE_HIDPI_IMAGES = YES;
				DEVELOPMENT_TEAM = "";
				INFOPLIST_FILE = Eject/Info.plist;
				LD_RUNPATH_SEARCH_PATHS = "$(inherited) @executable_path/../Frameworks";
				PRODUCT_BUNDLE_IDENTIFIER = com.brianking.Eject;
				PRODUCT_NAME = "$(TARGET_NAME)";
				SWIFT_ACTIVE_COMPILATION_CONDITIONS = DEBUG;
				SWIFT_OPTIMIZATION_LEVEL = "-Onone";
				SWIFT_VERSION = 3.0;
			};
			name = Debug;
		};
		ABB389E61DB95D00008BF59E /* Release */ = {
			isa = XCBuildConfiguration;
			buildSettings = {
				ALWAYS_EMBED_SWIFT_STANDARD_LIBRARIES = YES;
				ASSETCATALOG_COMPILER_APPICON_NAME = AppIcon;
				CLANG_ENABLE_MODULES = YES;
				COMBINE_HIDPI_IMAGES = YES;
				DEVELOPMENT_TEAM = "";
				INFOPLIST_FILE = Eject/Info.plist;
				LD_RUNPATH_SEARCH_PATHS = "$(inherited) @executable_path/../Frameworks";
				PRODUCT_BUNDLE_IDENTIFIER = com.brianking.Eject;
				PRODUCT_NAME = "$(TARGET_NAME)";
				SWIFT_OPTIMIZATION_LEVEL = "-Owholemodule";
				SWIFT_VERSION = 3.0;
			};
			name = Release;
		};
		ABB38A461DB95EA0008BF59E /* Debug */ = {
			isa = XCBuildConfiguration;
			buildSettings = {
				CODE_SIGN_IDENTITY = "Mac Developer";
				COMBINE_HIDPI_IMAGES = YES;
				CURRENT_PROJECT_VERSION = 1;
				DEFINES_MODULE = YES;
				DEVELOPMENT_TEAM = "";
				DYLIB_COMPATIBILITY_VERSION = 1;
				DYLIB_CURRENT_VERSION = 1;
				DYLIB_INSTALL_NAME_BASE = "@rpath";
				FRAMEWORK_VERSION = A;
				INFOPLIST_FILE = EjectKit/Info.plist;
				INSTALL_PATH = "$(LOCAL_LIBRARY_DIR)/Frameworks";
				LD_RUNPATH_SEARCH_PATHS = "$(inherited) @executable_path/../Frameworks @loader_path/Frameworks";
				PRODUCT_BUNDLE_IDENTIFIER = com.brianking.EjectKit;
				PRODUCT_NAME = "$(TARGET_NAME)";
				SKIP_INSTALL = YES;
				SWIFT_ACTIVE_COMPILATION_CONDITIONS = DEBUG;
				SWIFT_VERSION = 3.0;
				VERSIONING_SYSTEM = "apple-generic";
				VERSION_INFO_PREFIX = "";
			};
			name = Debug;
		};
		ABB38A471DB95EA0008BF59E /* Release */ = {
			isa = XCBuildConfiguration;
			buildSettings = {
				CODE_SIGN_IDENTITY = "";
				COMBINE_HIDPI_IMAGES = YES;
				CURRENT_PROJECT_VERSION = 1;
				DEFINES_MODULE = YES;
				DEVELOPMENT_TEAM = "";
				DYLIB_COMPATIBILITY_VERSION = 1;
				DYLIB_CURRENT_VERSION = 1;
				DYLIB_INSTALL_NAME_BASE = "@rpath";
				FRAMEWORK_VERSION = A;
				INFOPLIST_FILE = EjectKit/Info.plist;
				INSTALL_PATH = "$(LOCAL_LIBRARY_DIR)/Frameworks";
				LD_RUNPATH_SEARCH_PATHS = "$(inherited) @executable_path/../Frameworks @loader_path/Frameworks";
				PRODUCT_BUNDLE_IDENTIFIER = com.brianking.EjectKit;
				PRODUCT_NAME = "$(TARGET_NAME)";
				SKIP_INSTALL = YES;
				SWIFT_OPTIMIZATION_LEVEL = "-Owholemodule";
				SWIFT_VERSION = 3.0;
				VERSIONING_SYSTEM = "apple-generic";
				VERSION_INFO_PREFIX = "";
			};
			name = Release;
		};
		ABB38A491DB95EA0008BF59E /* Debug */ = {
			isa = XCBuildConfiguration;
			buildSettings = {
				ALWAYS_EMBED_SWIFT_STANDARD_LIBRARIES = YES;
				COMBINE_HIDPI_IMAGES = YES;
				DEVELOPMENT_TEAM = "";
				INFOPLIST_FILE = Tests/EjectKitTests/Info.plist;
				LD_RUNPATH_SEARCH_PATHS = "$(inherited) @executable_path/../Frameworks @loader_path/../Frameworks";
				PRODUCT_BUNDLE_IDENTIFIER = com.brianking.EjectKitTests;
				PRODUCT_NAME = "$(TARGET_NAME)";
				SWIFT_ACTIVE_COMPILATION_CONDITIONS = DEBUG;
				SWIFT_VERSION = 3.0;
			};
			name = Debug;
		};
		ABB38A4A1DB95EA0008BF59E /* Release */ = {
			isa = XCBuildConfiguration;
			buildSettings = {
				ALWAYS_EMBED_SWIFT_STANDARD_LIBRARIES = YES;
				COMBINE_HIDPI_IMAGES = YES;
				DEVELOPMENT_TEAM = "";
				INFOPLIST_FILE = Tests/EjectKitTests/Info.plist;
				LD_RUNPATH_SEARCH_PATHS = "$(inherited) @executable_path/../Frameworks @loader_path/../Frameworks";
				PRODUCT_BUNDLE_IDENTIFIER = com.brianking.EjectKitTests;
				PRODUCT_NAME = "$(TARGET_NAME)";
				SWIFT_OPTIMIZATION_LEVEL = "-Owholemodule";
				SWIFT_VERSION = 3.0;
			};
			name = Release;
		};
/* End XCBuildConfiguration section */

/* Begin XCConfigurationList section */
		AB47D9A71DB5A3DD00A7B5E8 /* Build configuration list for PBXProject "Eject" */ = {
			isa = XCConfigurationList;
			buildConfigurations = (
				AB47D9B11DB5A3DD00A7B5E8 /* Debug */,
				AB47D9B21DB5A3DD00A7B5E8 /* Release */,
			);
			defaultConfigurationIsVisible = 0;
			defaultConfigurationName = Release;
		};
		ABB389E41DB95D00008BF59E /* Build configuration list for PBXNativeTarget "eject" */ = {
			isa = XCConfigurationList;
			buildConfigurations = (
				ABB389E51DB95D00008BF59E /* Debug */,
				ABB389E61DB95D00008BF59E /* Release */,
			);
			defaultConfigurationIsVisible = 0;
			defaultConfigurationName = Release;
		};
		ABB38A451DB95EA0008BF59E /* Build configuration list for PBXNativeTarget "EjectKit" */ = {
			isa = XCConfigurationList;
			buildConfigurations = (
				ABB38A461DB95EA0008BF59E /* Debug */,
				ABB38A471DB95EA0008BF59E /* Release */,
			);
			defaultConfigurationIsVisible = 0;
			defaultConfigurationName = Release;
		};
		ABB38A481DB95EA0008BF59E /* Build configuration list for PBXNativeTarget "EjectKitTests" */ = {
			isa = XCConfigurationList;
			buildConfigurations = (
				ABB38A491DB95EA0008BF59E /* Debug */,
				ABB38A4A1DB95EA0008BF59E /* Release */,
			);
			defaultConfigurationIsVisible = 0;
			defaultConfigurationName = Release;
		};
/* End XCConfigurationList section */
	};
	rootObject = AB47D9A41DB5A3DD00A7B5E8 /* Project object */;
}
